{
  "name": "raspi-dashboard",
  "version": "0.0.2",
  "lockfileVersion": 1,
  "requires": true,
  "dependencies": {
    "bulma": {
      "version": "0.6.2",
      "resolved": "https://registry.npmjs.org/bulma/-/bulma-0.6.2.tgz",
      "integrity": "sha1-9LHRHVrMUaeWROsKKwsQZJ09cfU=",
      "dev": true
    },
    "bulma-dashboard": {
      "version": "0.1.37",
      "resolved": "https://registry.npmjs.org/bulma-dashboard/-/bulma-dashboard-0.1.37.tgz",
      "integrity": "sha512-hWcoCz457iwXz1jYnE+TL42OMz7kbNeB6s4Ai9Mdnd+QXzMgPF4741LmuAyDMQwGJZNja+vjDsR2NP9Kx6x0Bw=="
    },
    "bulma-pageloader": {
      "version": "2.1.0",
      "resolved": "https://registry.npmjs.org/bulma-pageloader/-/bulma-pageloader-2.1.0.tgz",
      "integrity": "sha512-yI1SBxeGfj57BYtN8tIcvaGlfQgxylPwHHaDNSYLhF+1EVwUjWz97Ufga+8VOv9PZuhhnD05rb8nZ+p0isWw9A=="
    }
  }
}
